{"1.1.0",
[{<<"cowboy">>,{pkg,<<"cowboy">>,<<"2.0.0">>},0},
 {<<"cowlib">>,{pkg,<<"cowlib">>,<<"2.0.1">>},1},
 {<<"jsx">>,{pkg,<<"jsx">>,<<"2.9.0">>},0},
 {<<"ranch">>,{pkg,<<"ranch">>,<<"1.4.0">>},1}]}.
[
{pkg_hash,[
 {<<"cowboy">>, <<"A3B680BCC1156C6FBCB398CC56ADC35177037012D7DC28D8F7E7926D6C243561">>},
 {<<"cowlib">>, <<"4DFFFB1DB296EAB9F2E8B95EE3017007F674BC920CE30AEB5A53BBDA82FC38C0">>},
 {<<"jsx">>, <<"D2F6E5F069C00266CAD52FB15D87C428579EA4D7D73A33669E12679E203329DD">>},
 {<<"ranch">>, <<"10272F95DA79340FA7E8774BA7930B901713D272905D0012B06CA6D994F8826B">>}]}
].
